
Microsoft Visual Studio Solution File, Format Version 12.00
# Visual Studio 15
VisualStudioVersion = 15.0.28010.2036
MinimumVisualStudioVersion = 10.0.40219.1
Project("{FAE04EC0-301F-11D3-BF4B-00C04F79EFBC}") = "Microsoft.Xades", "src\Microsoft.Xades\Microsoft.Xades.csproj", "{5D46C8DE-5153-48A7-A336-9D290763B936}"
EndProject
Project("{FAE04EC0-301F-11D3-BF4B-00C04F79EFBC}") = "Microsoft.Xades.Test", "src\Microsoft.Xades.Test\Microsoft.Xades.Test.csproj", "{79320F44-9A96-4A94-8818-3F893C6840CD}"
EndProject
Global
	GlobalSection(SolutionConfigurationPlatforms) = preSolution
		Debug|Any CPU = Debug|Any CPU
		Release|Any CPU = Release|Any CPU
	EndGlobalSection
	GlobalSection(ProjectConfigurationPlatforms) = postSolution
		{5D46C8DE-5153-48A7-A336-9D290763B936}.Debug|Any CPU.ActiveCfg = Debug|Any CPU
		{5D46C8DE-5153-48A7-A336-9D290763B936}.Debug|Any CPU.Build.0 = Debug|Any CPU
		{5D46C8DE-5153-48A7-A336-9D290763B936}.Release|Any CPU.ActiveCfg = Release|Any CPU
		{5D46C8DE-5153-48A7-A336-9D290763B936}.Release|Any CPU.Build.0 = Release|Any CPU
		{79320F44-9A96-4A94-8818-3F893C6840CD}.Debug|Any CPU.ActiveCfg = Debug|Any CPU
		{79320F44-9A96-4A94-8818-3F893C6840CD}.Debug|Any CPU.Build.0 = Debug|Any CPU
		{79320F44-9A96-4A94-8818-3F893C6840CD}.Release|Any CPU.ActiveCfg = Release|Any CPU
		{79320F44-9A96-4A94-8818-3F893C6840CD}.Release|Any CPU.Build.0 = Release|Any CPU
	EndGlobalSection
	GlobalSection(SolutionProperties) = preSolution
		HideSolutionNode = FALSE
	EndGlobalSection
	GlobalSection(ExtensibilityGlobals) = postSolution
		SolutionGuid = {C2A56455-E142-4B5B-8D0B-5EA09C1C3F20}
	EndGlobalSection
EndGlobal
