
Microsoft Visual Studio Solution File, Format Version 12.00
# Visual Studio Version 16
VisualStudioVersion = 16.0.30611.23
MinimumVisualStudioVersion = 10.0.40219.1
Project("{9A19103F-16F7-4668-BE54-9A1E7A4F7556}") = "Microsoft.Xades", "src\Microsoft.Xades\Microsoft.Xades.csproj", "{5D46C8DE-5153-48A7-A336-9D290763B936}"
EndProject
Project("{FAE04EC0-301F-11D3-BF4B-00C04F79EFBC}") = "Microsoft.Xades.UnitTest", "src\Microsoft.Xades.UnitTest\Microsoft.Xades.UnitTest.csproj", "{FE0CE83F-9CF6-4CE0-A67A-0C66A0DE301D}"
EndProject
Global
	GlobalSection(SolutionConfigurationPlatforms) = preSolution
		Debug|Any CPU = Debug|Any CPU
		Release|Any CPU = Release|Any CPU
	EndGlobalSection
	GlobalSection(ProjectConfigurationPlatforms) = postSolution
		{5D46C8DE-5153-48A7-A336-9D290763B936}.Debug|Any CPU.ActiveCfg = Debug|Any CPU
		{5D46C8DE-5153-48A7-A336-9D290763B936}.Debug|Any CPU.Build.0 = Debug|Any CPU
		{5D46C8DE-5153-48A7-A336-9D290763B936}.Release|Any CPU.ActiveCfg = Release|Any CPU
		{5D46C8DE-5153-48A7-A336-9D290763B936}.Release|Any CPU.Build.0 = Release|Any CPU
		{FE0CE83F-9CF6-4CE0-A67A-0C66A0DE301D}.Debug|Any CPU.ActiveCfg = Debug|Any CPU
		{FE0CE83F-9CF6-4CE0-A67A-0C66A0DE301D}.Debug|Any CPU.Build.0 = Debug|Any CPU
		{FE0CE83F-9CF6-4CE0-A67A-0C66A0DE301D}.Release|Any CPU.ActiveCfg = Release|Any CPU
		{FE0CE83F-9CF6-4CE0-A67A-0C66A0DE301D}.Release|Any CPU.Build.0 = Release|Any CPU
	EndGlobalSection
	GlobalSection(SolutionProperties) = preSolution
		HideSolutionNode = FALSE
	EndGlobalSection
	GlobalSection(ExtensibilityGlobals) = postSolution
		SolutionGuid = {C2A56455-E142-4B5B-8D0B-5EA09C1C3F20}
	EndGlobalSection
EndGlobal
